
Microsoft Visual Studio Solution File, Format Version 12.00
# Visual Studio Version 17
VisualStudioVersion = 17.2.32519.379
MinimumVisualStudioVersion = 10.0.40219.1
Project("{9A19103F-16F7-4668-BE54-9A1E7A4F7556}") = "mtstatemachine", "mtstatemachine.csproj", "{3D846125-0E21-4E78-902A-4DFD07EE9B87}"
EndProject
Global
	GlobalSection(SolutionConfigurationPlatforms) = preSolution
		Debug|Any CPU = Debug|Any CPU
		Release|Any CPU = Release|Any CPU
	EndGlobalSection
	GlobalSection(ProjectConfigurationPlatforms) = postSolution
		{3D846125-0E21-4E78-902A-4DFD07EE9B87}.Debug|Any CPU.ActiveCfg = Debug|Any CPU
		{3D846125-0E21-4E78-902A-4DFD07EE9B87}.Debug|Any CPU.Build.0 = Debug|Any CPU
		{3D846125-0E21-4E78-902A-4DFD07EE9B87}.Release|Any CPU.ActiveCfg = Release|Any CPU
		{3D846125-0E21-4E78-902A-4DFD07EE9B87}.Release|Any CPU.Build.0 = Release|Any CPU
	EndGlobalSection
	GlobalSection(SolutionProperties) = preSolution
		HideSolutionNode = FALSE
	EndGlobalSection
	GlobalSection(ExtensibilityGlobals) = postSolution
		SolutionGuid = {39F756BE-9FF3-4A2A-AAB3-C65D67FED0A0}
	EndGlobalSection
EndGlobal
